<?xml version="1.0" encoding="utf-8"?>
<Project ToolsVersion="4.0" xmlns="http://schemas.microsoft.com/developer/msbuild/2003">
  <ItemGroup>
    <Filter Include="Headers">
      <UniqueIdentifier>{93995380-89BD-4b04-88EB-625FBE52EBFB}</UniqueIdentifier>
      <Extensions>h;hh;hpp;hxx;h++;hm;inl;inc;ipp;xsd</Extensions>
    </Filter>
    <Filter Include="Headers\Keyboard">
      <UniqueIdentifier>{f99b7afd-901d-472b-a58e-ab666b1a2b5e}</UniqueIdentifier>
    </Filter>
    <Filter Include="Headers\Mouse">
      <UniqueIdentifier>{b3ba7bbc-d2e5-47cf-9119-184a11bce515}</UniqueIdentifier>
    </Filter>
    <Filter Include="Headers\Graphics">
      <UniqueIdentifier>{32d4cdfd-446b-48df-92ed-29f45c757591}</UniqueIdentifier>
    </Filter>
    <Filter Include="Sources">
      <UniqueIdentifier>{4FC737F1-C7A5-4376-A066-2A32D752A2FF}</UniqueIdentifier>
      <Extensions>cpp;c;cc;cxx;c++;cppm;ixx;def;odl;idl;hpj;bat;asm;asmx</Extensions>
    </Filter>
    <Filter Include="Sources\Keyboard">
      <UniqueIdentifier>{7853460f-b64b-4644-b04f-50aae84a4828}</UniqueIdentifier>
    </Filter>
    <Filter Include="Sources\Mouse">
      <UniqueIdentifier>{b7830aac-04de-4fd9-8166-da265b4d4cc0}</UniqueIdentifier>
    </Filter>
    <Filter Include="Sources\Graphics">
      <UniqueIdentifier>{15c7a19d-8c76-4283-bacd-9ec7a41323c8}</UniqueIdentifier>
    </Filter>
    <Filter Include="Resources">
      <UniqueIdentifier>{67DA6AB6-F800-4c08-8B7A-83BB121AAD01}</UniqueIdentifier>
      <Extensions>rc;ico;cur;bmp;dlg;rc2;rct;bin;rgs;gif;jpg;jpeg;jpe;resx;tiff;tif;png;wav;mfcribbon-ms</Extensions>
    </Filter>
    <Filter Include="Headers\Physics">
      <UniqueIdentifier>{ad499aab-22a0-4fc8-8bf1-0dc0d509b198}</UniqueIdentifier>
    </Filter>
    <Filter Include="Sources\Physics">
      <UniqueIdentifier>{41f551e0-f1f7-4211-97fc-733c43cf09ec}</UniqueIdentifier>
    </Filter>
    <Filter Include="Headers\GameSystem">
      <UniqueIdentifier>{b0bb6bdb-3600-42d1-9c07-c70129ad6dfc}</UniqueIdentifier>
    </Filter>
    <Filter Include="Sources\GameSystem">
      <UniqueIdentifier>{54b1045f-95df-4572-8f24-21f95becd33c}</UniqueIdentifier>
    </Filter>
  </ItemGroup>
  <ItemGroup>
    <ClCompile Include="main.cpp">
      <Filter>Sources</Filter>
    </ClCompile>
    <ClCompile Include="StringHelper.cpp">
      <Filter>Sources</Filter>
    </ClCompile>
    <ClCompile Include="ErrorLogger.cpp">
      <Filter>Sources</Filter>
    </ClCompile>
    <ClCompile Include="RenderWindow.cpp">
      <Filter>Sources</Filter>
    </ClCompile>
    <ClCompile Include="Engine.cpp">
      <Filter>Sources</Filter>
    </ClCompile>
    <ClCompile Include="WindowContainer.cpp">
      <Filter>Sources</Filter>
    </ClCompile>
    <ClCompile Include="Keyboard\KeyboardEvent.cpp">
      <Filter>Sources\Keyboard</Filter>
    </ClCompile>
    <ClCompile Include="Keyboard\KeyboardClass.cpp">
      <Filter>Sources\Keyboard</Filter>
    </ClCompile>
    <ClCompile Include="Mouse\MouseClass.cpp">
      <Filter>Sources\Mouse</Filter>
    </ClCompile>
    <ClCompile Include="Mouse\MouseEvent.cpp">
      <Filter>Sources\Mouse</Filter>
    </ClCompile>
    <ClCompile Include="Graphics\Graphics.cpp">
      <Filter>Sources\Graphics</Filter>
    </ClCompile>
    <ClCompile Include="Graphics\AdapterReader.cpp">
      <Filter>Sources\Graphics</Filter>
    </ClCompile>
    <ClCompile Include="Graphics\Shaders.cpp">
      <Filter>Sources\Graphics</Filter>
    </ClCompile>
    <ClCompile Include="Graphics\Camera.cpp">
      <Filter>Sources\Graphics</Filter>
    </ClCompile>
    <ClCompile Include="FrameTimer.cpp">
      <Filter>Sources</Filter>
    </ClCompile>
    <ClCompile Include="Graphics\Model.cpp">
      <Filter>Sources\Graphics</Filter>
    </ClCompile>
    <ClCompile Include="Graphics\Mesh.cpp">
      <Filter>Sources\Graphics</Filter>
    </ClCompile>
    <ClCompile Include="Graphics\GameObject.cpp">
      <Filter>Sources\Graphics</Filter>
    </ClCompile>
    <ClCompile Include="Graphics\Color.cpp">
      <Filter>Sources\Graphics</Filter>
    </ClCompile>
    <ClCompile Include="Graphics\Texture.cpp">
      <Filter>Sources\Graphics</Filter>
    </ClCompile>
    <ClCompile Include="Graphics\Grid.cpp">
      <Filter>Sources\Graphics</Filter>
    </ClCompile>
    <ClCompile Include="Graphics\Actor.cpp">
      <Filter>Sources\Graphics</Filter>
    </ClCompile>
    <ClCompile Include="Physics\PhysicsEngine.cpp">
      <Filter>Sources\Physics</Filter>
    </ClCompile>
    <ClCompile Include="GameSystem\Map.cpp">
      <Filter>Sources\GameSystem</Filter>
    </ClCompile>
    <ClCompile Include="Physics\BoundingSphere.cpp">
      <Filter>Sources\Physics</Filter>
    </ClCompile>
    <ClCompile Include="Physics\IntersectionData.cpp">
      <Filter>Sources\Physics</Filter>
    </ClCompile>
    <ClCompile Include="Physics\AxisAlignedBoundingBox.cpp">
      <Filter>Sources\Physics</Filter>
    </ClCompile>
    <ClCompile Include="Physics\PlaneCollider.cpp">
      <Filter>Sources\Physics</Filter>
    </ClCompile>
    <ClCompile Include="Physics\PhysicsObject.cpp">
      <Filter>Sources\Physics</Filter>
    </ClCompile>
  </ItemGroup>
  <ItemGroup>
    <ClInclude Include="StringHelper.h">
      <Filter>Headers</Filter>
    </ClInclude>
    <ClInclude Include="ErrorLogger.h">
      <Filter>Headers</Filter>
    </ClInclude>
    <ClInclude Include="RenderWindow.h">
      <Filter>Headers</Filter>
    </ClInclude>
    <ClInclude Include="Engine.h">
      <Filter>Headers</Filter>
    </ClInclude>
    <ClInclude Include="WindowContainer.h">
      <Filter>Headers</Filter>
    </ClInclude>
    <ClInclude Include="Keyboard\KeyboardEvent.h">
      <Filter>Headers\Keyboard</Filter>
    </ClInclude>
    <ClInclude Include="Keyboard\KeyboardClass.h">
      <Filter>Headers\Keyboard</Filter>
    </ClInclude>
    <ClInclude Include="Mouse\MouseClass.h">
      <Filter>Headers\Mouse</Filter>
    </ClInclude>
    <ClInclude Include="Mouse\MouseEvent.h">
      <Filter>Headers\Mouse</Filter>
    </ClInclude>
    <ClInclude Include="Graphics\Graphics.h">
      <Filter>Headers\Graphics</Filter>
    </ClInclude>
    <ClInclude Include="Graphics\AdapterReader.h">
      <Filter>Headers\Graphics</Filter>
    </ClInclude>
    <ClInclude Include="Graphics\Vertex.h">
      <Filter>Headers\Graphics</Filter>
    </ClInclude>
    <ClInclude Include="Graphics\Shaders.h">
      <Filter>Headers\Graphics</Filter>
    </ClInclude>
    <ClInclude Include="Graphics\VertexBuffer.h">
      <Filter>Headers\Graphics</Filter>
    </ClInclude>
    <ClInclude Include="Graphics\IndexBuffer.h">
      <Filter>Headers\Graphics</Filter>
    </ClInclude>
    <ClInclude Include="Graphics\ConstantBufferTypes.h">
      <Filter>Headers\Graphics</Filter>
    </ClInclude>
    <ClInclude Include="Graphics\ConstantBuffer.h">
      <Filter>Headers\Graphics</Filter>
    </ClInclude>
    <ClInclude Include="Graphics\Camera.h">
      <Filter>Headers\Graphics</Filter>
    </ClInclude>
    <ClInclude Include="FrameTimer.h">
      <Filter>Headers</Filter>
    </ClInclude>
    <ClInclude Include="COMException.h">
      <Filter>Headers</Filter>
    </ClInclude>
    <ClInclude Include="Graphics\Model.h">
      <Filter>Headers\Graphics</Filter>
    </ClInclude>
    <ClInclude Include="Graphics\Mesh.h">
      <Filter>Headers\Graphics</Filter>
    </ClInclude>
    <ClInclude Include="Graphics\GameObject.h">
      <Filter>Headers\Graphics</Filter>
    </ClInclude>
    <ClInclude Include="Graphics\Color.h">
      <Filter>Headers\Graphics</Filter>
    </ClInclude>
    <ClInclude Include="Graphics\Texture.h">
      <Filter>Headers\Graphics</Filter>
    </ClInclude>
    <ClInclude Include="Graphics\Grid.h">
      <Filter>Headers\Graphics</Filter>
    </ClInclude>
    <ClInclude Include="Graphics\Actor.h">
      <Filter>Headers\Graphics</Filter>
    </ClInclude>
    <ClInclude Include="Physics\PhysicsEngine.h">
      <Filter>Headers\Physics</Filter>
    </ClInclude>
    <ClInclude Include="GameSystem\Map.h">
      <Filter>Headers\GameSystem</Filter>
    </ClInclude>
    <ClInclude Include="Physics\BoundingSphere.h">
      <Filter>Headers\Physics</Filter>
    </ClInclude>
    <ClInclude Include="Physics\IntersectionData.h">
      <Filter>Headers\Physics</Filter>
    </ClInclude>
    <ClInclude Include="Physics\AxisAlignedBoundingBox.h">
      <Filter>Headers\Physics</Filter>
    </ClInclude>
    <ClInclude Include="CustomMath.h">
      <Filter>Headers</Filter>
    </ClInclude>
    <ClInclude Include="Physics\PlaneCollider.h">
      <Filter>Headers\Physics</Filter>
    </ClInclude>
    <ClInclude Include="Physics\PhysicsObject.h">
      <Filter>Headers\Physics</Filter>
    </ClInclude>
  </ItemGroup>
  <ItemGroup>
    <FxCompile Include="vertexShader.hlsl">
      <Filter>Resources</Filter>
    </FxCompile>
    <FxCompile Include="pixelShader.hlsl">
      <Filter>Resources</Filter>
    </FxCompile>
  </ItemGroup>
</Project>